
Microsoft Visual Studio Solution File, Format Version 12.00
# Visual Studio Version 16
VisualStudioVersion = 16.0.30804.86
MinimumVisualStudioVersion = 10.0.40219.1
Project("{9A19103F-16F7-4668-BE54-9A1E7A4F7556}") = "rpiDaemon", "rpiDaemon\rpiDaemon.csproj", "{E5F138BE-D71F-4FE9-82A7-3911172C0D91}"
EndProject
Project("{9A19103F-16F7-4668-BE54-9A1E7A4F7556}") = "rpiDaemon.Test", "rpiDaemon.Test\rpiDaemon.Test.csproj", "{33E07A41-4A34-4595-B34B-F01DC38D3777}"
EndProject
Project("{9A19103F-16F7-4668-BE54-9A1E7A4F7556}") = "budorWeb", "budorWeb\budorWeb.csproj", "{1F162345-C688-46D0-B707-DB4500579855}"
EndProject
Project("{9A19103F-16F7-4668-BE54-9A1E7A4F7556}") = "Shared", "Shared\Shared.csproj", "{1D9A0ADA-1614-47D5-B57F-98DAAA35687D}"
EndProject
Project("{FAE04EC0-301F-11D3-BF4B-00C04F79EFBC}") = "CameraService", "CameraService\CameraService.csproj", "{A1F46969-A201-4F24-ADD3-411624D9E88A}"
EndProject
Project("{FAE04EC0-301F-11D3-BF4B-00C04F79EFBC}") = "Services", "Services\Services.csproj", "{E84B5D5D-2337-4046-8658-DF67B92FD42A}"
EndProject
Project("{FAE04EC0-301F-11D3-BF4B-00C04F79EFBC}") = "DataAccess.EFCore", "DataAccess.EFCore\DataAccess.EFCore.csproj", "{E1EBDDE7-2C8F-4A16-A59A-A98C261E125A}"
EndProject
Project("{FAE04EC0-301F-11D3-BF4B-00C04F79EFBC}") = "AudioService", "AudioService\AudioService.csproj", "{0AC4F75A-C966-4494-91B6-0DF9EF2FD2F2}"
EndProject
Project("{FAE04EC0-301F-11D3-BF4B-00C04F79EFBC}") = "Dtos", "Dtos\Dtos.csproj", "{B28C5806-FD04-4DB3-973B-191F5B9152E4}"
EndProject
Global
	GlobalSection(SolutionConfigurationPlatforms) = preSolution
		Debug|Any CPU = Debug|Any CPU
		Release|Any CPU = Release|Any CPU
	EndGlobalSection
	GlobalSection(ProjectConfigurationPlatforms) = postSolution
		{E5F138BE-D71F-4FE9-82A7-3911172C0D91}.Debug|Any CPU.ActiveCfg = Debug|Any CPU
		{E5F138BE-D71F-4FE9-82A7-3911172C0D91}.Debug|Any CPU.Build.0 = Debug|Any CPU
		{E5F138BE-D71F-4FE9-82A7-3911172C0D91}.Release|Any CPU.ActiveCfg = Release|Any CPU
		{E5F138BE-D71F-4FE9-82A7-3911172C0D91}.Release|Any CPU.Build.0 = Release|Any CPU
		{33E07A41-4A34-4595-B34B-F01DC38D3777}.Debug|Any CPU.ActiveCfg = Debug|Any CPU
		{33E07A41-4A34-4595-B34B-F01DC38D3777}.Debug|Any CPU.Build.0 = Debug|Any CPU
		{33E07A41-4A34-4595-B34B-F01DC38D3777}.Release|Any CPU.ActiveCfg = Release|Any CPU
		{33E07A41-4A34-4595-B34B-F01DC38D3777}.Release|Any CPU.Build.0 = Release|Any CPU
		{1F162345-C688-46D0-B707-DB4500579855}.Debug|Any CPU.ActiveCfg = Debug|Any CPU
		{1F162345-C688-46D0-B707-DB4500579855}.Debug|Any CPU.Build.0 = Debug|Any CPU
		{1F162345-C688-46D0-B707-DB4500579855}.Release|Any CPU.ActiveCfg = Release|Any CPU
		{1F162345-C688-46D0-B707-DB4500579855}.Release|Any CPU.Build.0 = Release|Any CPU
		{1D9A0ADA-1614-47D5-B57F-98DAAA35687D}.Debug|Any CPU.ActiveCfg = Debug|Any CPU
		{1D9A0ADA-1614-47D5-B57F-98DAAA35687D}.Debug|Any CPU.Build.0 = Debug|Any CPU
		{1D9A0ADA-1614-47D5-B57F-98DAAA35687D}.Release|Any CPU.ActiveCfg = Release|Any CPU
		{1D9A0ADA-1614-47D5-B57F-98DAAA35687D}.Release|Any CPU.Build.0 = Release|Any CPU
		{A1F46969-A201-4F24-ADD3-411624D9E88A}.Debug|Any CPU.ActiveCfg = Debug|Any CPU
		{A1F46969-A201-4F24-ADD3-411624D9E88A}.Debug|Any CPU.Build.0 = Debug|Any CPU
		{A1F46969-A201-4F24-ADD3-411624D9E88A}.Release|Any CPU.ActiveCfg = Release|Any CPU
		{A1F46969-A201-4F24-ADD3-411624D9E88A}.Release|Any CPU.Build.0 = Release|Any CPU
		{E84B5D5D-2337-4046-8658-DF67B92FD42A}.Debug|Any CPU.ActiveCfg = Debug|Any CPU
		{E84B5D5D-2337-4046-8658-DF67B92FD42A}.Debug|Any CPU.Build.0 = Debug|Any CPU
		{E84B5D5D-2337-4046-8658-DF67B92FD42A}.Release|Any CPU.ActiveCfg = Release|Any CPU
		{E84B5D5D-2337-4046-8658-DF67B92FD42A}.Release|Any CPU.Build.0 = Release|Any CPU
		{E1EBDDE7-2C8F-4A16-A59A-A98C261E125A}.Debug|Any CPU.ActiveCfg = Debug|Any CPU
		{E1EBDDE7-2C8F-4A16-A59A-A98C261E125A}.Debug|Any CPU.Build.0 = Debug|Any CPU
		{E1EBDDE7-2C8F-4A16-A59A-A98C261E125A}.Release|Any CPU.ActiveCfg = Release|Any CPU
		{E1EBDDE7-2C8F-4A16-A59A-A98C261E125A}.Release|Any CPU.Build.0 = Release|Any CPU
		{0AC4F75A-C966-4494-91B6-0DF9EF2FD2F2}.Debug|Any CPU.ActiveCfg = Debug|Any CPU
		{0AC4F75A-C966-4494-91B6-0DF9EF2FD2F2}.Debug|Any CPU.Build.0 = Debug|Any CPU
		{0AC4F75A-C966-4494-91B6-0DF9EF2FD2F2}.Release|Any CPU.ActiveCfg = Release|Any CPU
		{0AC4F75A-C966-4494-91B6-0DF9EF2FD2F2}.Release|Any CPU.Build.0 = Release|Any CPU
		{B28C5806-FD04-4DB3-973B-191F5B9152E4}.Debug|Any CPU.ActiveCfg = Debug|Any CPU
		{B28C5806-FD04-4DB3-973B-191F5B9152E4}.Debug|Any CPU.Build.0 = Debug|Any CPU
		{B28C5806-FD04-4DB3-973B-191F5B9152E4}.Release|Any CPU.ActiveCfg = Release|Any CPU
		{B28C5806-FD04-4DB3-973B-191F5B9152E4}.Release|Any CPU.Build.0 = Release|Any CPU
	EndGlobalSection
	GlobalSection(SolutionProperties) = preSolution
		HideSolutionNode = FALSE
	EndGlobalSection
	GlobalSection(ExtensibilityGlobals) = postSolution
		SolutionGuid = {91072C21-3714-4F3A-86EB-F64518CC20DD}
	EndGlobalSection
	GlobalSection(RiderSharedRunConfigurations) = postSolution
		File = rpiDaemon\Publish rpiDaemon to folder.run.xml
	EndGlobalSection
EndGlobal
