
Microsoft Visual Studio Solution File, Format Version 12.00
# Visual Studio Version 16
VisualStudioVersion = 16.0.30804.86
MinimumVisualStudioVersion = 10.0.40219.1
Project("{9A19103F-16F7-4668-BE54-9A1E7A4F7556}") = "rpiDaemon", "rpiDaemon\rpiDaemon.csproj", "{E5F138BE-D71F-4FE9-82A7-3911172C0D91}"
EndProject
Project("{FAE04EC0-301F-11D3-BF4B-00C04F79EFBC}") = "rpiDaemon.Test", "rpiDaemon.Test\rpiDaemon.Test.csproj", "{33E07A41-4A34-4595-B34B-F01DC38D3777}"
EndProject
Global
	GlobalSection(SolutionConfigurationPlatforms) = preSolution
		Debug|Any CPU = Debug|Any CPU
		Release|Any CPU = Release|Any CPU
	EndGlobalSection
	GlobalSection(ProjectConfigurationPlatforms) = postSolution
		{E5F138BE-D71F-4FE9-82A7-3911172C0D91}.Debug|Any CPU.ActiveCfg = Debug|Any CPU
		{E5F138BE-D71F-4FE9-82A7-3911172C0D91}.Debug|Any CPU.Build.0 = Debug|Any CPU
		{E5F138BE-D71F-4FE9-82A7-3911172C0D91}.Release|Any CPU.ActiveCfg = Release|Any CPU
		{E5F138BE-D71F-4FE9-82A7-3911172C0D91}.Release|Any CPU.Build.0 = Release|Any CPU
		{33E07A41-4A34-4595-B34B-F01DC38D3777}.Debug|Any CPU.ActiveCfg = Debug|Any CPU
		{33E07A41-4A34-4595-B34B-F01DC38D3777}.Debug|Any CPU.Build.0 = Debug|Any CPU
		{33E07A41-4A34-4595-B34B-F01DC38D3777}.Release|Any CPU.ActiveCfg = Release|Any CPU
		{33E07A41-4A34-4595-B34B-F01DC38D3777}.Release|Any CPU.Build.0 = Release|Any CPU
	EndGlobalSection
	GlobalSection(SolutionProperties) = preSolution
		HideSolutionNode = FALSE
	EndGlobalSection
	GlobalSection(ExtensibilityGlobals) = postSolution
		SolutionGuid = {91072C21-3714-4F3A-86EB-F64518CC20DD}
	EndGlobalSection
EndGlobal
